
Microsoft Visual Studio Solution File, Format Version 12.00
# Visual Studio 15
Project("{FAE04EC0-301F-11D3-BF4B-00C04F79EFBC}") = "Assembly-CSharp", "Assembly-CSharp.csproj", "{B0257CA3-B180-9105-258F-9FE9D9F4DBD5}"
EndProject
Project("{FAE04EC0-301F-11D3-BF4B-00C04F79EFBC}") = "Assembly-CSharp-Editor", "Assembly-CSharp-Editor.csproj", "{BAA9BAE8-027A-6846-CDC8-65E906CF139C}"
EndProject
Global
	GlobalSection(SolutionConfigurationPlatforms) = preSolution
		Debug|Any CPU = Debug|Any CPU
		Release|Any CPU = Release|Any CPU
	EndGlobalSection
	GlobalSection(ProjectConfigurationPlatforms) = postSolution
		{B0257CA3-B180-9105-258F-9FE9D9F4DBD5}.Debug|Any CPU.ActiveCfg = Debug|Any CPU
		{B0257CA3-B180-9105-258F-9FE9D9F4DBD5}.Debug|Any CPU.Build.0 = Debug|Any CPU
		{B0257CA3-B180-9105-258F-9FE9D9F4DBD5}.Release|Any CPU.ActiveCfg = Release|Any CPU
		{B0257CA3-B180-9105-258F-9FE9D9F4DBD5}.Release|Any CPU.Build.0 = Release|Any CPU
		{BAA9BAE8-027A-6846-CDC8-65E906CF139C}.Debug|Any CPU.ActiveCfg = Debug|Any CPU
		{BAA9BAE8-027A-6846-CDC8-65E906CF139C}.Debug|Any CPU.Build.0 = Debug|Any CPU
		{BAA9BAE8-027A-6846-CDC8-65E906CF139C}.Release|Any CPU.ActiveCfg = Release|Any CPU
		{BAA9BAE8-027A-6846-CDC8-65E906CF139C}.Release|Any CPU.Build.0 = Release|Any CPU
	EndGlobalSection
	GlobalSection(SolutionProperties) = preSolution
		HideSolutionNode = FALSE
	EndGlobalSection
EndGlobal
