
Microsoft Visual Studio Solution File, Format Version 12.00
# Visual Studio 15
Project("{FAE04EC0-301F-11D3-BF4B-00C04F79EFBC}") = "Assembly-CSharp", "Assembly-CSharp.csproj", "{668FC77A-FB6D-4E2A-9A01-42B53E4DDC4E}"
EndProject
Project("{FAE04EC0-301F-11D3-BF4B-00C04F79EFBC}") = "Assembly-CSharp-Editor", "Assembly-CSharp-Editor.csproj", "{2E209042-0396-4A73-86E6-9913BB9F91D5}"
EndProject
Global
	GlobalSection(SolutionConfigurationPlatforms) = preSolution
		Debug|Any CPU = Debug|Any CPU
		Release|Any CPU = Release|Any CPU
	EndGlobalSection
	GlobalSection(ProjectConfigurationPlatforms) = postSolution
		{668FC77A-FB6D-4E2A-9A01-42B53E4DDC4E}.Debug|Any CPU.ActiveCfg = Debug|Any CPU
		{668FC77A-FB6D-4E2A-9A01-42B53E4DDC4E}.Debug|Any CPU.Build.0 = Debug|Any CPU
		{668FC77A-FB6D-4E2A-9A01-42B53E4DDC4E}.Release|Any CPU.ActiveCfg = Release|Any CPU
		{668FC77A-FB6D-4E2A-9A01-42B53E4DDC4E}.Release|Any CPU.Build.0 = Release|Any CPU
		{2E209042-0396-4A73-86E6-9913BB9F91D5}.Debug|Any CPU.ActiveCfg = Debug|Any CPU
		{2E209042-0396-4A73-86E6-9913BB9F91D5}.Debug|Any CPU.Build.0 = Debug|Any CPU
		{2E209042-0396-4A73-86E6-9913BB9F91D5}.Release|Any CPU.ActiveCfg = Release|Any CPU
		{2E209042-0396-4A73-86E6-9913BB9F91D5}.Release|Any CPU.Build.0 = Release|Any CPU
	EndGlobalSection
	GlobalSection(SolutionProperties) = preSolution
		HideSolutionNode = FALSE
	EndGlobalSection
EndGlobal
